
Microsoft Visual Studio Solution File, Format Version 12.00
# Visual Studio Version 16
VisualStudioVersion = 16.0.29709.97
MinimumVisualStudioVersion = 10.0.40219.1
Project("{9A19103F-16F7-4668-BE54-9A1E7A4F7556}") = "Mdcrypt", "Mdcrypt\Mdcrypt.csproj", "{8066C081-3E88-4A80-B0E1-1565EF21BF73}"
EndProject
Global
	GlobalSection(SolutionConfigurationPlatforms) = preSolution
		Debug|Any CPU = Debug|Any CPU
		Release|Any CPU = Release|Any CPU
	EndGlobalSection
	GlobalSection(ProjectConfigurationPlatforms) = postSolution
		{8066C081-3E88-4A80-B0E1-1565EF21BF73}.Debug|Any CPU.ActiveCfg = Debug|Any CPU
		{8066C081-3E88-4A80-B0E1-1565EF21BF73}.Debug|Any CPU.Build.0 = Debug|Any CPU
		{8066C081-3E88-4A80-B0E1-1565EF21BF73}.Release|Any CPU.ActiveCfg = Release|Any CPU
		{8066C081-3E88-4A80-B0E1-1565EF21BF73}.Release|Any CPU.Build.0 = Release|Any CPU
	EndGlobalSection
	GlobalSection(SolutionProperties) = preSolution
		HideSolutionNode = FALSE
	EndGlobalSection
	GlobalSection(ExtensibilityGlobals) = postSolution
		SolutionGuid = {F888BC70-BC95-4A80-A80B-7E1DF5BC61F3}
	EndGlobalSection
EndGlobal
